
Microsoft Visual Studio Solution File, Format Version 12.00
# Visual Studio Version 17
VisualStudioVersion = 17.4.33122.133
MinimumVisualStudioVersion = 10.0.40219.1
Project("{9A19103F-16F7-4668-BE54-9A1E7A4F7556}") = "AnnihilatingWorkloadswithAzureFunctions", "AnnihilatingWorkloadswithAzureFunctions.csproj", "{DB3DED8A-DF7E-4B8F-9EC3-63735CD8546F}"
EndProject
Global
	GlobalSection(SolutionConfigurationPlatforms) = preSolution
		Debug|Any CPU = Debug|Any CPU
		Release|Any CPU = Release|Any CPU
	EndGlobalSection
	GlobalSection(ProjectConfigurationPlatforms) = postSolution
		{DB3DED8A-DF7E-4B8F-9EC3-63735CD8546F}.Debug|Any CPU.ActiveCfg = Debug|Any CPU
		{DB3DED8A-DF7E-4B8F-9EC3-63735CD8546F}.Debug|Any CPU.Build.0 = Debug|Any CPU
		{DB3DED8A-DF7E-4B8F-9EC3-63735CD8546F}.Release|Any CPU.ActiveCfg = Release|Any CPU
		{DB3DED8A-DF7E-4B8F-9EC3-63735CD8546F}.Release|Any CPU.Build.0 = Release|Any CPU
	EndGlobalSection
	GlobalSection(SolutionProperties) = preSolution
		HideSolutionNode = FALSE
	EndGlobalSection
	GlobalSection(ExtensibilityGlobals) = postSolution
		SolutionGuid = {42A05A4E-E1AD-4A24-B284-BEC4EC6AF075}
	EndGlobalSection
EndGlobal
